
Microsoft Visual Studio Solution File, Format Version 12.00
# Visual Studio Version 16
VisualStudioVersion = 16.0.29926.136
MinimumVisualStudioVersion = 15.0.26124.0
Project("{2150E333-8FDC-42A3-9474-1A3956D46DE8}") = "ChatBot.Common", "ChatBot.Common", "{63FD689B-DC24-4D66-A63D-F45BF61847E7}"
EndProject
Project("{2150E333-8FDC-42A3-9474-1A3956D46DE8}") = "src", "src", "{800D5061-A984-44F6-B969-1322C97572EE}"
EndProject
Project("{FAE04EC0-301F-11D3-BF4B-00C04F79EFBC}") = "ChatBot.Common", "ChatBot.Common\src\ChatBot.Common\ChatBot.Common.csproj", "{D3C6D4AA-D7AE-498D-9A2D-DD80ECE6A799}"
EndProject
Project("{2150E333-8FDC-42A3-9474-1A3956D46DE8}") = "Services", "Services", "{A525CC18-80A3-4E90-B506-BE1D21675BBE}"
EndProject
Project("{2150E333-8FDC-42A3-9474-1A3956D46DE8}") = "ChatBot.Api", "ChatBot.Api", "{8260AE16-4A30-4249-8048-5E682B162698}"
EndProject
Project("{2150E333-8FDC-42A3-9474-1A3956D46DE8}") = "src", "src", "{FCFAEC28-C467-492D-BDF8-9512E08F00FE}"
EndProject
Project("{FAE04EC0-301F-11D3-BF4B-00C04F79EFBC}") = "ChatBot.Api", "Services\ChatBot.Api\src\ChatBot.Api\ChatBot.Api.csproj", "{932F2BDF-76E5-4179-B224-832D44439E20}"
EndProject
Project("{2150E333-8FDC-42A3-9474-1A3956D46DE8}") = "ChatBot.Services.WebHook", "ChatBot.Services.WebHook", "{C2408B88-8BEA-4E88-9C01-984C2B4B06F5}"
EndProject
Project("{2150E333-8FDC-42A3-9474-1A3956D46DE8}") = "src", "src", "{C5F71086-F68D-481C-84E8-E9A6CF696722}"
EndProject
Project("{9A19103F-16F7-4668-BE54-9A1E7A4F7556}") = "ChatBot.Services.WebHook", "Services\ChatBot.Services.WebHook\src\ChatBot.Services.WebHook\ChatBot.Services.WebHook.csproj", "{60485B0A-7E7C-454A-9D3D-42F276C81595}"
EndProject

Global
	GlobalSection(SolutionConfigurationPlatforms) = preSolution
		Debug|Any CPU = Debug|Any CPU
		Debug|x64 = Debug|x64
		Debug|x86 = Debug|x86
		Release|Any CPU = Release|Any CPU
		Release|x64 = Release|x64
		Release|x86 = Release|x86
	EndGlobalSection
	GlobalSection(ProjectConfigurationPlatforms) = postSolution
		{D3C6D4AA-D7AE-498D-9A2D-DD80ECE6A799}.Debug|Any CPU.ActiveCfg = Debug|Any CPU
		{D3C6D4AA-D7AE-498D-9A2D-DD80ECE6A799}.Debug|Any CPU.Build.0 = Debug|Any CPU
		{D3C6D4AA-D7AE-498D-9A2D-DD80ECE6A799}.Debug|x64.ActiveCfg = Debug|Any CPU
		{D3C6D4AA-D7AE-498D-9A2D-DD80ECE6A799}.Debug|x64.Build.0 = Debug|Any CPU
		{D3C6D4AA-D7AE-498D-9A2D-DD80ECE6A799}.Debug|x86.ActiveCfg = Debug|Any CPU
		{D3C6D4AA-D7AE-498D-9A2D-DD80ECE6A799}.Debug|x86.Build.0 = Debug|Any CPU
		{D3C6D4AA-D7AE-498D-9A2D-DD80ECE6A799}.Release|Any CPU.ActiveCfg = Release|Any CPU
		{D3C6D4AA-D7AE-498D-9A2D-DD80ECE6A799}.Release|Any CPU.Build.0 = Release|Any CPU
		{D3C6D4AA-D7AE-498D-9A2D-DD80ECE6A799}.Release|x64.ActiveCfg = Release|Any CPU
		{D3C6D4AA-D7AE-498D-9A2D-DD80ECE6A799}.Release|x64.Build.0 = Release|Any CPU
		{D3C6D4AA-D7AE-498D-9A2D-DD80ECE6A799}.Release|x86.ActiveCfg = Release|Any CPU
		{D3C6D4AA-D7AE-498D-9A2D-DD80ECE6A799}.Release|x86.Build.0 = Release|Any CPU
		{932F2BDF-76E5-4179-B224-832D44439E20}.Debug|Any CPU.ActiveCfg = Debug|Any CPU
		{932F2BDF-76E5-4179-B224-832D44439E20}.Debug|Any CPU.Build.0 = Debug|Any CPU
		{932F2BDF-76E5-4179-B224-832D44439E20}.Debug|x64.ActiveCfg = Debug|Any CPU
		{932F2BDF-76E5-4179-B224-832D44439E20}.Debug|x64.Build.0 = Debug|Any CPU
		{932F2BDF-76E5-4179-B224-832D44439E20}.Debug|x86.ActiveCfg = Debug|Any CPU
		{932F2BDF-76E5-4179-B224-832D44439E20}.Debug|x86.Build.0 = Debug|Any CPU
		{932F2BDF-76E5-4179-B224-832D44439E20}.Release|Any CPU.ActiveCfg = Release|Any CPU
		{932F2BDF-76E5-4179-B224-832D44439E20}.Release|Any CPU.Build.0 = Release|Any CPU
		{932F2BDF-76E5-4179-B224-832D44439E20}.Release|x64.ActiveCfg = Release|Any CPU
		{932F2BDF-76E5-4179-B224-832D44439E20}.Release|x64.Build.0 = Release|Any CPU
		{932F2BDF-76E5-4179-B224-832D44439E20}.Release|x86.ActiveCfg = Release|Any CPU
		{932F2BDF-76E5-4179-B224-832D44439E20}.Release|x86.Build.0 = Release|Any CPU
		{60485B0A-7E7C-454A-9D3D-42F276C81595}.Debug|Any CPU.ActiveCfg = Debug|Any CPU
		{60485B0A-7E7C-454A-9D3D-42F276C81595}.Debug|Any CPU.Build.0 = Debug|Any CPU
		{60485B0A-7E7C-454A-9D3D-42F276C81595}.Debug|x64.ActiveCfg = Debug|Any CPU
		{60485B0A-7E7C-454A-9D3D-42F276C81595}.Debug|x64.Build.0 = Debug|Any CPU
		{60485B0A-7E7C-454A-9D3D-42F276C81595}.Debug|x86.ActiveCfg = Debug|Any CPU
		{60485B0A-7E7C-454A-9D3D-42F276C81595}.Debug|x86.Build.0 = Debug|Any CPU
		{60485B0A-7E7C-454A-9D3D-42F276C81595}.Release|Any CPU.ActiveCfg = Release|Any CPU
		{60485B0A-7E7C-454A-9D3D-42F276C81595}.Release|Any CPU.Build.0 = Release|Any CPU
		{60485B0A-7E7C-454A-9D3D-42F276C81595}.Release|x64.ActiveCfg = Release|Any CPU
		{60485B0A-7E7C-454A-9D3D-42F276C81595}.Release|x64.Build.0 = Release|Any CPU
		{60485B0A-7E7C-454A-9D3D-42F276C81595}.Release|x86.ActiveCfg = Release|Any CPU
		{60485B0A-7E7C-454A-9D3D-42F276C81595}.Release|x86.Build.0 = Release|Any CPU
		{25AEE12A-CF66-435D-96E5-5C787172527F}.Debug|Any CPU.ActiveCfg = Debug|Any CPU
		{25AEE12A-CF66-435D-96E5-5C787172527F}.Debug|Any CPU.Build.0 = Debug|Any CPU
		{25AEE12A-CF66-435D-96E5-5C787172527F}.Debug|x64.ActiveCfg = Debug|Any CPU
		{25AEE12A-CF66-435D-96E5-5C787172527F}.Debug|x64.Build.0 = Debug|Any CPU
		{25AEE12A-CF66-435D-96E5-5C787172527F}.Debug|x86.ActiveCfg = Debug|Any CPU
		{25AEE12A-CF66-435D-96E5-5C787172527F}.Debug|x86.Build.0 = Debug|Any CPU
		{25AEE12A-CF66-435D-96E5-5C787172527F}.Release|Any CPU.ActiveCfg = Release|Any CPU
		{25AEE12A-CF66-435D-96E5-5C787172527F}.Release|Any CPU.Build.0 = Release|Any CPU
		{25AEE12A-CF66-435D-96E5-5C787172527F}.Release|x64.ActiveCfg = Release|Any CPU
		{25AEE12A-CF66-435D-96E5-5C787172527F}.Release|x64.Build.0 = Release|Any CPU
		{25AEE12A-CF66-435D-96E5-5C787172527F}.Release|x86.ActiveCfg = Release|Any CPU
		{25AEE12A-CF66-435D-96E5-5C787172527F}.Release|x86.Build.0 = Release|Any CPU
		{02DF9041-FE5A-4FC8-84A5-8343D89B68C2}.Debug|Any CPU.ActiveCfg = Debug|Any CPU
		{02DF9041-FE5A-4FC8-84A5-8343D89B68C2}.Debug|Any CPU.Build.0 = Debug|Any CPU
		{02DF9041-FE5A-4FC8-84A5-8343D89B68C2}.Debug|x64.ActiveCfg = Debug|Any CPU
		{02DF9041-FE5A-4FC8-84A5-8343D89B68C2}.Debug|x64.Build.0 = Debug|Any CPU
		{02DF9041-FE5A-4FC8-84A5-8343D89B68C2}.Debug|x86.ActiveCfg = Debug|Any CPU
		{02DF9041-FE5A-4FC8-84A5-8343D89B68C2}.Debug|x86.Build.0 = Debug|Any CPU
		{02DF9041-FE5A-4FC8-84A5-8343D89B68C2}.Release|Any CPU.ActiveCfg = Release|Any CPU
		{02DF9041-FE5A-4FC8-84A5-8343D89B68C2}.Release|Any CPU.Build.0 = Release|Any CPU
		{02DF9041-FE5A-4FC8-84A5-8343D89B68C2}.Release|x64.ActiveCfg = Release|Any CPU
		{02DF9041-FE5A-4FC8-84A5-8343D89B68C2}.Release|x64.Build.0 = Release|Any CPU
		{02DF9041-FE5A-4FC8-84A5-8343D89B68C2}.Release|x86.ActiveCfg = Release|Any CPU
		{02DF9041-FE5A-4FC8-84A5-8343D89B68C2}.Release|x86.Build.0 = Release|Any CPU
		{41123DA6-0D52-4D06-873D-0A729101F232}.Debug|Any CPU.ActiveCfg = Debug|Any CPU
		{41123DA6-0D52-4D06-873D-0A729101F232}.Debug|Any CPU.Build.0 = Debug|Any CPU
		{41123DA6-0D52-4D06-873D-0A729101F232}.Debug|x64.ActiveCfg = Debug|Any CPU
		{41123DA6-0D52-4D06-873D-0A729101F232}.Debug|x64.Build.0 = Debug|Any CPU
		{41123DA6-0D52-4D06-873D-0A729101F232}.Debug|x86.ActiveCfg = Debug|Any CPU
		{41123DA6-0D52-4D06-873D-0A729101F232}.Debug|x86.Build.0 = Debug|Any CPU
		{41123DA6-0D52-4D06-873D-0A729101F232}.Release|Any CPU.ActiveCfg = Release|Any CPU
		{41123DA6-0D52-4D06-873D-0A729101F232}.Release|Any CPU.Build.0 = Release|Any CPU
		{41123DA6-0D52-4D06-873D-0A729101F232}.Release|x64.ActiveCfg = Release|Any CPU
		{41123DA6-0D52-4D06-873D-0A729101F232}.Release|x64.Build.0 = Release|Any CPU
		{41123DA6-0D52-4D06-873D-0A729101F232}.Release|x86.ActiveCfg = Release|Any CPU
		{41123DA6-0D52-4D06-873D-0A729101F232}.Release|x86.Build.0 = Release|Any CPU
		{6D3DDE81-7725-40B4-80FD-98C935A56515}.Debug|Any CPU.ActiveCfg = Debug|Any CPU
		{6D3DDE81-7725-40B4-80FD-98C935A56515}.Debug|Any CPU.Build.0 = Debug|Any CPU
		{6D3DDE81-7725-40B4-80FD-98C935A56515}.Debug|x64.ActiveCfg = Debug|Any CPU
		{6D3DDE81-7725-40B4-80FD-98C935A56515}.Debug|x64.Build.0 = Debug|Any CPU
		{6D3DDE81-7725-40B4-80FD-98C935A56515}.Debug|x86.ActiveCfg = Debug|Any CPU
		{6D3DDE81-7725-40B4-80FD-98C935A56515}.Debug|x86.Build.0 = Debug|Any CPU
		{6D3DDE81-7725-40B4-80FD-98C935A56515}.Release|Any CPU.ActiveCfg = Release|Any CPU
		{6D3DDE81-7725-40B4-80FD-98C935A56515}.Release|Any CPU.Build.0 = Release|Any CPU
		{6D3DDE81-7725-40B4-80FD-98C935A56515}.Release|x64.ActiveCfg = Release|Any CPU
		{6D3DDE81-7725-40B4-80FD-98C935A56515}.Release|x64.Build.0 = Release|Any CPU
		{6D3DDE81-7725-40B4-80FD-98C935A56515}.Release|x86.ActiveCfg = Release|Any CPU
		{6D3DDE81-7725-40B4-80FD-98C935A56515}.Release|x86.Build.0 = Release|Any CPU
		{1EEDAD2D-2F20-4AA9-8F3A-307474BA34A0}.Debug|Any CPU.ActiveCfg = Debug|Any CPU
		{1EEDAD2D-2F20-4AA9-8F3A-307474BA34A0}.Debug|Any CPU.Build.0 = Debug|Any CPU
		{1EEDAD2D-2F20-4AA9-8F3A-307474BA34A0}.Debug|x64.ActiveCfg = Debug|Any CPU
		{1EEDAD2D-2F20-4AA9-8F3A-307474BA34A0}.Debug|x64.Build.0 = Debug|Any CPU
		{1EEDAD2D-2F20-4AA9-8F3A-307474BA34A0}.Debug|x86.ActiveCfg = Debug|Any CPU
		{1EEDAD2D-2F20-4AA9-8F3A-307474BA34A0}.Debug|x86.Build.0 = Debug|Any CPU
		{1EEDAD2D-2F20-4AA9-8F3A-307474BA34A0}.Release|Any CPU.ActiveCfg = Release|Any CPU
		{1EEDAD2D-2F20-4AA9-8F3A-307474BA34A0}.Release|Any CPU.Build.0 = Release|Any CPU
		{1EEDAD2D-2F20-4AA9-8F3A-307474BA34A0}.Release|x64.ActiveCfg = Release|Any CPU
		{1EEDAD2D-2F20-4AA9-8F3A-307474BA34A0}.Release|x64.Build.0 = Release|Any CPU
		{1EEDAD2D-2F20-4AA9-8F3A-307474BA34A0}.Release|x86.ActiveCfg = Release|Any CPU
		{1EEDAD2D-2F20-4AA9-8F3A-307474BA34A0}.Release|x86.Build.0 = Release|Any CPU
		{958B3473-0020-4BE7-BA57-8DBEA54F283C}.Debug|Any CPU.ActiveCfg = Debug|Any CPU
		{958B3473-0020-4BE7-BA57-8DBEA54F283C}.Debug|Any CPU.Build.0 = Debug|Any CPU
		{958B3473-0020-4BE7-BA57-8DBEA54F283C}.Debug|x64.ActiveCfg = Debug|Any CPU
		{958B3473-0020-4BE7-BA57-8DBEA54F283C}.Debug|x64.Build.0 = Debug|Any CPU
		{958B3473-0020-4BE7-BA57-8DBEA54F283C}.Debug|x86.ActiveCfg = Debug|Any CPU
		{958B3473-0020-4BE7-BA57-8DBEA54F283C}.Debug|x86.Build.0 = Debug|Any CPU
		{958B3473-0020-4BE7-BA57-8DBEA54F283C}.Release|Any CPU.ActiveCfg = Release|Any CPU
		{958B3473-0020-4BE7-BA57-8DBEA54F283C}.Release|Any CPU.Build.0 = Release|Any CPU
		{958B3473-0020-4BE7-BA57-8DBEA54F283C}.Release|x64.ActiveCfg = Release|Any CPU
		{958B3473-0020-4BE7-BA57-8DBEA54F283C}.Release|x64.Build.0 = Release|Any CPU
		{958B3473-0020-4BE7-BA57-8DBEA54F283C}.Release|x86.ActiveCfg = Release|Any CPU
		{958B3473-0020-4BE7-BA57-8DBEA54F283C}.Release|x86.Build.0 = Release|Any CPU
	EndGlobalSection
	GlobalSection(SolutionProperties) = preSolution
		HideSolutionNode = FALSE
	EndGlobalSection
	GlobalSection(NestedProjects) = preSolution
		{800D5061-A984-44F6-B969-1322C97572EE} = {63FD689B-DC24-4D66-A63D-F45BF61847E7}
		{D3C6D4AA-D7AE-498D-9A2D-DD80ECE6A799} = {800D5061-A984-44F6-B969-1322C97572EE}
		{8260AE16-4A30-4249-8048-5E682B162698} = {A525CC18-80A3-4E90-B506-BE1D21675BBE}
		{FCFAEC28-C467-492D-BDF8-9512E08F00FE} = {8260AE16-4A30-4249-8048-5E682B162698}
		{932F2BDF-76E5-4179-B224-832D44439E20} = {FCFAEC28-C467-492D-BDF8-9512E08F00FE}
		{C2408B88-8BEA-4E88-9C01-984C2B4B06F5} = {A525CC18-80A3-4E90-B506-BE1D21675BBE}
		{C5F71086-F68D-481C-84E8-E9A6CF696722} = {C2408B88-8BEA-4E88-9C01-984C2B4B06F5}
		{60485B0A-7E7C-454A-9D3D-42F276C81595} = {C5F71086-F68D-481C-84E8-E9A6CF696722}
		{9A57AD03-ED3B-420C-9C5A-108018D307FB} = {A525CC18-80A3-4E90-B506-BE1D21675BBE}
		{8607EB08-6805-4895-9704-E017DC63CEAD} = {9A57AD03-ED3B-420C-9C5A-108018D307FB}
		{25AEE12A-CF66-435D-96E5-5C787172527F} = {8607EB08-6805-4895-9704-E017DC63CEAD}
		{CD6E03ED-08AA-48F7-B9E8-513EE84975BD} = {A525CC18-80A3-4E90-B506-BE1D21675BBE}
		{0727F9AE-A7AF-4CD4-9383-536D5D80C78E} = {CD6E03ED-08AA-48F7-B9E8-513EE84975BD}
		{02DF9041-FE5A-4FC8-84A5-8343D89B68C2} = {0727F9AE-A7AF-4CD4-9383-536D5D80C78E}
		{91280591-1CB9-4A07-8AC0-A58BEAAB81A9} = {A525CC18-80A3-4E90-B506-BE1D21675BBE}
		{2AF6C988-2BD9-4685-BC7C-36F3F7B040F8} = {91280591-1CB9-4A07-8AC0-A58BEAAB81A9}
		{41123DA6-0D52-4D06-873D-0A729101F232} = {2AF6C988-2BD9-4685-BC7C-36F3F7B040F8}
		{BA9F8856-C6A3-4E39-9F27-661E87F7D34B} = {A525CC18-80A3-4E90-B506-BE1D21675BBE}
		{27AA5248-8A0E-4EE9-B8D4-A79029AE3A92} = {BA9F8856-C6A3-4E39-9F27-661E87F7D34B}
		{6D3DDE81-7725-40B4-80FD-98C935A56515} = {27AA5248-8A0E-4EE9-B8D4-A79029AE3A92}
		{2D13A68A-AEC5-475B-9A6F-81CFFA936645} = {A525CC18-80A3-4E90-B506-BE1D21675BBE}
		{762A358D-C985-4054-9777-9AAA41D61FC2} = {2D13A68A-AEC5-475B-9A6F-81CFFA936645}
		{1EEDAD2D-2F20-4AA9-8F3A-307474BA34A0} = {762A358D-C985-4054-9777-9AAA41D61FC2}
		{3498673C-D8AD-4829-B8C0-1AE6CEB4A06A} = {A525CC18-80A3-4E90-B506-BE1D21675BBE}
		{D7C43C8B-2DE7-4B1D-8DE8-A720C6A3F4DE} = {3498673C-D8AD-4829-B8C0-1AE6CEB4A06A}
		{958B3473-0020-4BE7-BA57-8DBEA54F283C} = {D7C43C8B-2DE7-4B1D-8DE8-A720C6A3F4DE}
	EndGlobalSection
	GlobalSection(ExtensibilityGlobals) = postSolution
		SolutionGuid = {7CE4D017-1D5E-4573-85D1-916026A08E41}
	EndGlobalSection
EndGlobal
